
Microsoft Visual Studio Solution File, Format Version 12.00
# Visual Studio Version 17
VisualStudioVersion = 17.0.32112.339
MinimumVisualStudioVersion = 10.0.40219.1
Project("{FAE04EC0-301F-11D3-BF4B-00C04F79EFBC}") = "3001-ConcentrationFinderApp", "3001-ConcentrationFinderApp.csproj", "{DDDA5B30-1513-405F-89ED-DC7F91BA83A0}"
EndProject
Global
	GlobalSection(SolutionConfigurationPlatforms) = preSolution
		Debug|Any CPU = Debug|Any CPU
		Release|Any CPU = Release|Any CPU
	EndGlobalSection
	GlobalSection(ProjectConfigurationPlatforms) = postSolution
		{DDDA5B30-1513-405F-89ED-DC7F91BA83A0}.Debug|Any CPU.ActiveCfg = Debug|Any CPU
		{DDDA5B30-1513-405F-89ED-DC7F91BA83A0}.Debug|Any CPU.Build.0 = Debug|Any CPU
		{DDDA5B30-1513-405F-89ED-DC7F91BA83A0}.Release|Any CPU.ActiveCfg = Release|Any CPU
		{DDDA5B30-1513-405F-89ED-DC7F91BA83A0}.Release|Any CPU.Build.0 = Release|Any CPU
	EndGlobalSection
	GlobalSection(SolutionProperties) = preSolution
		HideSolutionNode = FALSE
	EndGlobalSection
	GlobalSection(ExtensibilityGlobals) = postSolution
		SolutionGuid = {E1618616-C962-4D74-AFE4-125558CD7730}
	EndGlobalSection
EndGlobal
